
Microsoft Visual Studio Solution File, Format Version 12.00
# Visual Studio Version 17
VisualStudioVersion = 17.13.35919.96
MinimumVisualStudioVersion = 10.0.40219.1
Project("{FAE04EC0-301F-11D3-BF4B-00C04F79EFBC}") = "TodoListAPI", "TodoListAPI\TodoListAPI.csproj", "{BA3EDB0F-D124-41C5-9C2E-B8FEB8343627}"
EndProject
Project("{FAE04EC0-301F-11D3-BF4B-00C04F79EFBC}") = "ConsumeWebAPI", "ConsumeWebAPI\ConsumeWebAPI.csproj", "{167B013D-4DE9-4499-A5CC-4D90832A6474}"
EndProject
Global
	GlobalSection(SolutionConfigurationPlatforms) = preSolution
		Debug|Any CPU = Debug|Any CPU
		Release|Any CPU = Release|Any CPU
	EndGlobalSection
	GlobalSection(ProjectConfigurationPlatforms) = postSolution
		{BA3EDB0F-D124-41C5-9C2E-B8FEB8343627}.Debug|Any CPU.ActiveCfg = Debug|Any CPU
		{BA3EDB0F-D124-41C5-9C2E-B8FEB8343627}.Debug|Any CPU.Build.0 = Debug|Any CPU
		{BA3EDB0F-D124-41C5-9C2E-B8FEB8343627}.Release|Any CPU.ActiveCfg = Release|Any CPU
		{BA3EDB0F-D124-41C5-9C2E-B8FEB8343627}.Release|Any CPU.Build.0 = Release|Any CPU
		{167B013D-4DE9-4499-A5CC-4D90832A6474}.Debug|Any CPU.ActiveCfg = Debug|Any CPU
		{167B013D-4DE9-4499-A5CC-4D90832A6474}.Debug|Any CPU.Build.0 = Debug|Any CPU
		{167B013D-4DE9-4499-A5CC-4D90832A6474}.Release|Any CPU.ActiveCfg = Release|Any CPU
		{167B013D-4DE9-4499-A5CC-4D90832A6474}.Release|Any CPU.Build.0 = Release|Any CPU
	EndGlobalSection
	GlobalSection(SolutionProperties) = preSolution
		HideSolutionNode = FALSE
	EndGlobalSection
	GlobalSection(ExtensibilityGlobals) = postSolution
		SolutionGuid = {BACE7714-5A14-46B4-8E6C-FBB466C8F79A}
	EndGlobalSection
EndGlobal
